
Microsoft Visual Studio Solution File, Format Version 12.00
# Visual Studio Version 16
VisualStudioVersion = 16.0.31911.196
MinimumVisualStudioVersion = 10.0.40219.1
Project("{FAE04EC0-301F-11D3-BF4B-00C04F79EFBC}") = "L2_4_Zad_1", "L2_4_Zad_1\L2_4_Zad_1.csproj", "{AD928D77-953F-4325-823E-3B214B5069AA}"
EndProject
Global
	GlobalSection(SolutionConfigurationPlatforms) = preSolution
		Debug|Any CPU = Debug|Any CPU
		Release|Any CPU = Release|Any CPU
	EndGlobalSection
	GlobalSection(ProjectConfigurationPlatforms) = postSolution
		{AD928D77-953F-4325-823E-3B214B5069AA}.Debug|Any CPU.ActiveCfg = Debug|Any CPU
		{AD928D77-953F-4325-823E-3B214B5069AA}.Debug|Any CPU.Build.0 = Debug|Any CPU
		{AD928D77-953F-4325-823E-3B214B5069AA}.Release|Any CPU.ActiveCfg = Release|Any CPU
		{AD928D77-953F-4325-823E-3B214B5069AA}.Release|Any CPU.Build.0 = Release|Any CPU
	EndGlobalSection
	GlobalSection(SolutionProperties) = preSolution
		HideSolutionNode = FALSE
	EndGlobalSection
	GlobalSection(ExtensibilityGlobals) = postSolution
		SolutionGuid = {CFFC6D82-471F-407B-A084-248AD75062F8}
	EndGlobalSection
EndGlobal
